
Microsoft Visual Studio Solution File, Format Version 12.00
# Visual Studio Version 16
VisualStudioVersion = 16.0.30611.23
MinimumVisualStudioVersion = 10.0.40219.1
Project("{9A19103F-16F7-4668-BE54-9A1E7A4F7556}") = "Lesson1_ex1", "Dubrovskii_25.10\Lesson1_ex1.csproj", "{2CAA2943-3D3B-4CDC-81E2-36DA2864424E}"
EndProject
Project("{FAE04EC0-301F-11D3-BF4B-00C04F79EFBC}") = "Lesson1_ex3", "Lesson1_ex3\Lesson1_ex3.csproj", "{4962684E-BD58-4AB9-BC8C-84F810F9BA44}"
EndProject
Project("{FAE04EC0-301F-11D3-BF4B-00C04F79EFBC}") = "Lesson1_ex4", "Lesson1_ex4\Lesson1_ex4.csproj", "{D2336EB7-0F94-4B5A-BCC7-6EB2658740FB}"
EndProject
Project("{9A19103F-16F7-4668-BE54-9A1E7A4F7556}") = "Lesson1_ex2", "Lesson1_ex2\Lesson1_ex2.csproj", "{1C91E722-A388-4F3F-AC9F-6626428B9054}"
EndProject
Project("{FAE04EC0-301F-11D3-BF4B-00C04F79EFBC}") = "Lesson1_ex3_meth1", "Lesson1_ex3_meth1\Lesson1_ex3_meth1.csproj", "{B7A61885-8E2F-4B31-A7A5-F238234AF1D9}"
EndProject
Project("{FAE04EC0-301F-11D3-BF4B-00C04F79EFBC}") = "Lesson1_ex5", "Lesson1_ex5\Lesson1_ex5.csproj", "{F2A23E94-E3E9-4CC0-B705-9EE0EA548DC0}"
EndProject
Global
	GlobalSection(SolutionConfigurationPlatforms) = preSolution
		Debug|Any CPU = Debug|Any CPU
		Release|Any CPU = Release|Any CPU
	EndGlobalSection
	GlobalSection(ProjectConfigurationPlatforms) = postSolution
		{2CAA2943-3D3B-4CDC-81E2-36DA2864424E}.Debug|Any CPU.ActiveCfg = Debug|Any CPU
		{2CAA2943-3D3B-4CDC-81E2-36DA2864424E}.Debug|Any CPU.Build.0 = Debug|Any CPU
		{2CAA2943-3D3B-4CDC-81E2-36DA2864424E}.Release|Any CPU.ActiveCfg = Release|Any CPU
		{2CAA2943-3D3B-4CDC-81E2-36DA2864424E}.Release|Any CPU.Build.0 = Release|Any CPU
		{4962684E-BD58-4AB9-BC8C-84F810F9BA44}.Debug|Any CPU.ActiveCfg = Debug|Any CPU
		{4962684E-BD58-4AB9-BC8C-84F810F9BA44}.Debug|Any CPU.Build.0 = Debug|Any CPU
		{4962684E-BD58-4AB9-BC8C-84F810F9BA44}.Release|Any CPU.ActiveCfg = Release|Any CPU
		{4962684E-BD58-4AB9-BC8C-84F810F9BA44}.Release|Any CPU.Build.0 = Release|Any CPU
		{D2336EB7-0F94-4B5A-BCC7-6EB2658740FB}.Debug|Any CPU.ActiveCfg = Debug|Any CPU
		{D2336EB7-0F94-4B5A-BCC7-6EB2658740FB}.Debug|Any CPU.Build.0 = Debug|Any CPU
		{D2336EB7-0F94-4B5A-BCC7-6EB2658740FB}.Release|Any CPU.ActiveCfg = Release|Any CPU
		{D2336EB7-0F94-4B5A-BCC7-6EB2658740FB}.Release|Any CPU.Build.0 = Release|Any CPU
		{1C91E722-A388-4F3F-AC9F-6626428B9054}.Debug|Any CPU.ActiveCfg = Debug|Any CPU
		{1C91E722-A388-4F3F-AC9F-6626428B9054}.Debug|Any CPU.Build.0 = Debug|Any CPU
		{1C91E722-A388-4F3F-AC9F-6626428B9054}.Release|Any CPU.ActiveCfg = Release|Any CPU
		{1C91E722-A388-4F3F-AC9F-6626428B9054}.Release|Any CPU.Build.0 = Release|Any CPU
		{B7A61885-8E2F-4B31-A7A5-F238234AF1D9}.Debug|Any CPU.ActiveCfg = Debug|Any CPU
		{B7A61885-8E2F-4B31-A7A5-F238234AF1D9}.Debug|Any CPU.Build.0 = Debug|Any CPU
		{B7A61885-8E2F-4B31-A7A5-F238234AF1D9}.Release|Any CPU.ActiveCfg = Release|Any CPU
		{B7A61885-8E2F-4B31-A7A5-F238234AF1D9}.Release|Any CPU.Build.0 = Release|Any CPU
		{F2A23E94-E3E9-4CC0-B705-9EE0EA548DC0}.Debug|Any CPU.ActiveCfg = Debug|Any CPU
		{F2A23E94-E3E9-4CC0-B705-9EE0EA548DC0}.Debug|Any CPU.Build.0 = Debug|Any CPU
		{F2A23E94-E3E9-4CC0-B705-9EE0EA548DC0}.Release|Any CPU.ActiveCfg = Release|Any CPU
		{F2A23E94-E3E9-4CC0-B705-9EE0EA548DC0}.Release|Any CPU.Build.0 = Release|Any CPU
	EndGlobalSection
	GlobalSection(SolutionProperties) = preSolution
		HideSolutionNode = FALSE
	EndGlobalSection
	GlobalSection(ExtensibilityGlobals) = postSolution
		SolutionGuid = {606C2685-F628-4829-91C0-3CBB229E24A4}
	EndGlobalSection
EndGlobal
