
Microsoft Visual Studio Solution File, Format Version 12.00
# Visual Studio Version 16
VisualStudioVersion = 16.0.30621.155
MinimumVisualStudioVersion = 10.0.40219.1
Project("{FAE04EC0-301F-11D3-BF4B-00C04F79EFBC}") = "Lesson4_ex1", "Lesson4_ex1\Lesson4_ex1.csproj", "{7ADF17CE-827D-480B-B1E6-EDAEAFAECF1C}"
EndProject
Project("{FAE04EC0-301F-11D3-BF4B-00C04F79EFBC}") = "Lesson4_ex3", "Lesson4_ex3\Lesson4_ex3.csproj", "{9972B159-54D1-46FC-9624-34AE4D58F319}"
EndProject
Global
	GlobalSection(SolutionConfigurationPlatforms) = preSolution
		Debug|Any CPU = Debug|Any CPU
		Release|Any CPU = Release|Any CPU
	EndGlobalSection
	GlobalSection(ProjectConfigurationPlatforms) = postSolution
		{7ADF17CE-827D-480B-B1E6-EDAEAFAECF1C}.Debug|Any CPU.ActiveCfg = Debug|Any CPU
		{7ADF17CE-827D-480B-B1E6-EDAEAFAECF1C}.Debug|Any CPU.Build.0 = Debug|Any CPU
		{7ADF17CE-827D-480B-B1E6-EDAEAFAECF1C}.Release|Any CPU.ActiveCfg = Release|Any CPU
		{7ADF17CE-827D-480B-B1E6-EDAEAFAECF1C}.Release|Any CPU.Build.0 = Release|Any CPU
		{9972B159-54D1-46FC-9624-34AE4D58F319}.Debug|Any CPU.ActiveCfg = Debug|Any CPU
		{9972B159-54D1-46FC-9624-34AE4D58F319}.Debug|Any CPU.Build.0 = Debug|Any CPU
		{9972B159-54D1-46FC-9624-34AE4D58F319}.Release|Any CPU.ActiveCfg = Release|Any CPU
		{9972B159-54D1-46FC-9624-34AE4D58F319}.Release|Any CPU.Build.0 = Release|Any CPU
	EndGlobalSection
	GlobalSection(SolutionProperties) = preSolution
		HideSolutionNode = FALSE
	EndGlobalSection
	GlobalSection(ExtensibilityGlobals) = postSolution
		SolutionGuid = {3C13043E-ED39-4324-9441-9719D7E40762}
	EndGlobalSection
EndGlobal
