
Microsoft Visual Studio Solution File, Format Version 12.00
# Visual Studio Version 16
VisualStudioVersion = 16.0.30621.155
MinimumVisualStudioVersion = 10.0.40219.1
Project("{FAE04EC0-301F-11D3-BF4B-00C04F79EFBC}") = "Lesson7_ex1", "Lesson7_ex1\Lesson7_ex1.csproj", "{949E2853-5145-4DCE-BB40-36F2006A83C3}"
EndProject
Project("{FAE04EC0-301F-11D3-BF4B-00C04F79EFBC}") = "Lesson7_ex2", "Lesson7_ex2\Lesson7_ex2.csproj", "{E5B27B89-3BBC-448B-9CD5-EAEFB38D88E0}"
EndProject
Global
	GlobalSection(SolutionConfigurationPlatforms) = preSolution
		Debug|Any CPU = Debug|Any CPU
		Release|Any CPU = Release|Any CPU
	EndGlobalSection
	GlobalSection(ProjectConfigurationPlatforms) = postSolution
		{949E2853-5145-4DCE-BB40-36F2006A83C3}.Debug|Any CPU.ActiveCfg = Debug|Any CPU
		{949E2853-5145-4DCE-BB40-36F2006A83C3}.Debug|Any CPU.Build.0 = Debug|Any CPU
		{949E2853-5145-4DCE-BB40-36F2006A83C3}.Release|Any CPU.ActiveCfg = Release|Any CPU
		{949E2853-5145-4DCE-BB40-36F2006A83C3}.Release|Any CPU.Build.0 = Release|Any CPU
		{E5B27B89-3BBC-448B-9CD5-EAEFB38D88E0}.Debug|Any CPU.ActiveCfg = Debug|Any CPU
		{E5B27B89-3BBC-448B-9CD5-EAEFB38D88E0}.Debug|Any CPU.Build.0 = Debug|Any CPU
		{E5B27B89-3BBC-448B-9CD5-EAEFB38D88E0}.Release|Any CPU.ActiveCfg = Release|Any CPU
		{E5B27B89-3BBC-448B-9CD5-EAEFB38D88E0}.Release|Any CPU.Build.0 = Release|Any CPU
	EndGlobalSection
	GlobalSection(SolutionProperties) = preSolution
		HideSolutionNode = FALSE
	EndGlobalSection
	GlobalSection(ExtensibilityGlobals) = postSolution
		SolutionGuid = {CB089E4F-3842-4E70-9862-3B59007BD4BB}
	EndGlobalSection
EndGlobal
