
Microsoft Visual Studio Solution File, Format Version 12.00
# Visual Studio Version 16
VisualStudioVersion = 16.0.30621.155
MinimumVisualStudioVersion = 10.0.40219.1
Project("{FAE04EC0-301F-11D3-BF4B-00C04F79EFBC}") = "Lesson6_ex1", "Lesson6_ex1\Lesson6_ex1.csproj", "{5A01A64F-D4B6-48F0-8D17-224F06CF9058}"
EndProject
Project("{FAE04EC0-301F-11D3-BF4B-00C04F79EFBC}") = "Lesson6_ex2", "Lesson6_ex2\Lesson6_ex2.csproj", "{D306360D-E6C9-433C-B2CD-18356276A673}"
EndProject
Global
	GlobalSection(SolutionConfigurationPlatforms) = preSolution
		Debug|Any CPU = Debug|Any CPU
		Release|Any CPU = Release|Any CPU
	EndGlobalSection
	GlobalSection(ProjectConfigurationPlatforms) = postSolution
		{5A01A64F-D4B6-48F0-8D17-224F06CF9058}.Debug|Any CPU.ActiveCfg = Debug|Any CPU
		{5A01A64F-D4B6-48F0-8D17-224F06CF9058}.Debug|Any CPU.Build.0 = Debug|Any CPU
		{5A01A64F-D4B6-48F0-8D17-224F06CF9058}.Release|Any CPU.ActiveCfg = Release|Any CPU
		{5A01A64F-D4B6-48F0-8D17-224F06CF9058}.Release|Any CPU.Build.0 = Release|Any CPU
		{D306360D-E6C9-433C-B2CD-18356276A673}.Debug|Any CPU.ActiveCfg = Debug|Any CPU
		{D306360D-E6C9-433C-B2CD-18356276A673}.Debug|Any CPU.Build.0 = Debug|Any CPU
		{D306360D-E6C9-433C-B2CD-18356276A673}.Release|Any CPU.ActiveCfg = Release|Any CPU
		{D306360D-E6C9-433C-B2CD-18356276A673}.Release|Any CPU.Build.0 = Release|Any CPU
	EndGlobalSection
	GlobalSection(SolutionProperties) = preSolution
		HideSolutionNode = FALSE
	EndGlobalSection
	GlobalSection(ExtensibilityGlobals) = postSolution
		SolutionGuid = {B3B2DE5D-6C1D-458C-BA57-BAB502D849B8}
	EndGlobalSection
EndGlobal
